
Microsoft Visual Studio Solution File, Format Version 12.00
# Visual Studio 15
VisualStudioVersion = 15.0.27703.2000
MinimumVisualStudioVersion = 10.0.40219.1
Project("{FAE04EC0-301F-11D3-BF4B-00C04F79EFBC}") = "CalculationOfControlArea", "CalculationOfControlArea\CalculationOfControlArea.csproj", "{3F79A476-C3DF-4E32-BE0D-F28671737C6F}"
EndProject
Global
	GlobalSection(SolutionConfigurationPlatforms) = preSolution
		Debug|Any CPU = Debug|Any CPU
		Release|Any CPU = Release|Any CPU
	EndGlobalSection
	GlobalSection(ProjectConfigurationPlatforms) = postSolution
		{3F79A476-C3DF-4E32-BE0D-F28671737C6F}.Debug|Any CPU.ActiveCfg = Debug|Any CPU
		{3F79A476-C3DF-4E32-BE0D-F28671737C6F}.Debug|Any CPU.Build.0 = Debug|Any CPU
		{3F79A476-C3DF-4E32-BE0D-F28671737C6F}.Release|Any CPU.ActiveCfg = Release|Any CPU
		{3F79A476-C3DF-4E32-BE0D-F28671737C6F}.Release|Any CPU.Build.0 = Release|Any CPU
	EndGlobalSection
	GlobalSection(SolutionProperties) = preSolution
		HideSolutionNode = FALSE
	EndGlobalSection
	GlobalSection(ExtensibilityGlobals) = postSolution
		SolutionGuid = {66AE9920-B3E7-4969-86CB-67EF95B55073}
	EndGlobalSection
EndGlobal
