
Microsoft Visual Studio Solution File, Format Version 12.00
# Visual Studio 15
VisualStudioVersion = 15.0.28010.2036
MinimumVisualStudioVersion = 10.0.40219.1
Project("{FAE04EC0-301F-11D3-BF4B-00C04F79EFBC}") = "CoorTrans", "CoorTrans.csproj", "{C17DA314-4412-421D-A0B9-3F1124C42C15}"
EndProject
Global
	GlobalSection(SolutionConfigurationPlatforms) = preSolution
		Debug|Any CPU = Debug|Any CPU
		Release|Any CPU = Release|Any CPU
	EndGlobalSection
	GlobalSection(ProjectConfigurationPlatforms) = postSolution
		{C17DA314-4412-421D-A0B9-3F1124C42C15}.Debug|Any CPU.ActiveCfg = Debug|Any CPU
		{C17DA314-4412-421D-A0B9-3F1124C42C15}.Debug|Any CPU.Build.0 = Debug|Any CPU
		{C17DA314-4412-421D-A0B9-3F1124C42C15}.Release|Any CPU.ActiveCfg = Release|Any CPU
		{C17DA314-4412-421D-A0B9-3F1124C42C15}.Release|Any CPU.Build.0 = Release|Any CPU
	EndGlobalSection
	GlobalSection(SolutionProperties) = preSolution
		HideSolutionNode = FALSE
	EndGlobalSection
	GlobalSection(ExtensibilityGlobals) = postSolution
		SolutionGuid = {A6230C4C-7EB3-4F68-AA89-687FAB0E0184}
	EndGlobalSection
EndGlobal
