
Microsoft Visual Studio Solution File, Format Version 12.00
# Visual Studio 14
VisualStudioVersion = 14.0.25420.1
MinimumVisualStudioVersion = 10.0.40219.1
Project("{FAE04EC0-301F-11D3-BF4B-00C04F79EFBC}") = "基于几何距离的线段的线匹配", "基于hausdorff_Frechet距离的线匹配算法\基于几何距离的线段的线匹配.csproj", "{6A05DE2B-6EA9-4FA1-83D7-BFF3120C3FDE}"
EndProject
Global
	GlobalSection(SolutionConfigurationPlatforms) = preSolution
		Debug|Any CPU = Debug|Any CPU
		Release|Any CPU = Release|Any CPU
	EndGlobalSection
	GlobalSection(ProjectConfigurationPlatforms) = postSolution
		{6A05DE2B-6EA9-4FA1-83D7-BFF3120C3FDE}.Debug|Any CPU.ActiveCfg = Debug|Any CPU
		{6A05DE2B-6EA9-4FA1-83D7-BFF3120C3FDE}.Debug|Any CPU.Build.0 = Debug|Any CPU
		{6A05DE2B-6EA9-4FA1-83D7-BFF3120C3FDE}.Release|Any CPU.ActiveCfg = Release|Any CPU
		{6A05DE2B-6EA9-4FA1-83D7-BFF3120C3FDE}.Release|Any CPU.Build.0 = Release|Any CPU
	EndGlobalSection
	GlobalSection(SolutionProperties) = preSolution
		HideSolutionNode = FALSE
	EndGlobalSection
EndGlobal
