
Microsoft Visual Studio Solution File, Format Version 12.00
# Visual Studio 14
VisualStudioVersion = 14.0.25420.1
MinimumVisualStudioVersion = 10.0.40219.1
Project("{FAE04EC0-301F-11D3-BF4B-00C04F79EFBC}") = "利用构建规则格网（grid）进行体积计算", "利用构建规则格网（grid）进行体积计算\利用构建规则格网（grid）进行体积计算.csproj", "{785B05C4-574A-4AD2-A99F-DAF8A7634C0C}"
EndProject
Global
	GlobalSection(SolutionConfigurationPlatforms) = preSolution
		Debug|Any CPU = Debug|Any CPU
		Release|Any CPU = Release|Any CPU
	EndGlobalSection
	GlobalSection(ProjectConfigurationPlatforms) = postSolution
		{785B05C4-574A-4AD2-A99F-DAF8A7634C0C}.Debug|Any CPU.ActiveCfg = Debug|Any CPU
		{785B05C4-574A-4AD2-A99F-DAF8A7634C0C}.Debug|Any CPU.Build.0 = Debug|Any CPU
		{785B05C4-574A-4AD2-A99F-DAF8A7634C0C}.Release|Any CPU.ActiveCfg = Release|Any CPU
		{785B05C4-574A-4AD2-A99F-DAF8A7634C0C}.Release|Any CPU.Build.0 = Release|Any CPU
	EndGlobalSection
	GlobalSection(SolutionProperties) = preSolution
		HideSolutionNode = FALSE
	EndGlobalSection
EndGlobal
