
Microsoft Visual Studio Solution File, Format Version 12.00
# Visual Studio 15
VisualStudioVersion = 15.0.28307.168
MinimumVisualStudioVersion = 10.0.40219.1
Project("{FAE04EC0-301F-11D3-BF4B-00C04F79EFBC}") = "SevenParameterTransformation", "SevenParameterTransformation\SevenParameterTransformation.csproj", "{9780D1F8-E68C-49BE-AC04-CD858E717ACA}"
EndProject
Global
	GlobalSection(SolutionConfigurationPlatforms) = preSolution
		Debug|Any CPU = Debug|Any CPU
		Release|Any CPU = Release|Any CPU
	EndGlobalSection
	GlobalSection(ProjectConfigurationPlatforms) = postSolution
		{9780D1F8-E68C-49BE-AC04-CD858E717ACA}.Debug|Any CPU.ActiveCfg = Debug|Any CPU
		{9780D1F8-E68C-49BE-AC04-CD858E717ACA}.Debug|Any CPU.Build.0 = Debug|Any CPU
		{9780D1F8-E68C-49BE-AC04-CD858E717ACA}.Release|Any CPU.ActiveCfg = Release|Any CPU
		{9780D1F8-E68C-49BE-AC04-CD858E717ACA}.Release|Any CPU.Build.0 = Release|Any CPU
	EndGlobalSection
	GlobalSection(SolutionProperties) = preSolution
		HideSolutionNode = FALSE
	EndGlobalSection
	GlobalSection(ExtensibilityGlobals) = postSolution
		SolutionGuid = {DA8037D5-9E47-4D7C-93F3-4B28D69D4397}
	EndGlobalSection
EndGlobal
