
Microsoft Visual Studio Solution File, Format Version 11.00
# Visual Studio 2010
Project("{FAE04EC0-301F-11D3-BF4B-00C04F79EFBC}") = "DiniRaw2XLS", "DiniRaw2XLS\DiniRaw2XLS.csproj", "{017321D7-B792-40AF-A6D2-2ABBFB4392BD}"
EndProject
Global
	GlobalSection(SolutionConfigurationPlatforms) = preSolution
		Debug|x86 = Debug|x86
		Release|x86 = Release|x86
	EndGlobalSection
	GlobalSection(ProjectConfigurationPlatforms) = postSolution
		{017321D7-B792-40AF-A6D2-2ABBFB4392BD}.Debug|x86.ActiveCfg = Debug|x86
		{017321D7-B792-40AF-A6D2-2ABBFB4392BD}.Debug|x86.Build.0 = Debug|x86
		{017321D7-B792-40AF-A6D2-2ABBFB4392BD}.Release|x86.ActiveCfg = Release|x86
		{017321D7-B792-40AF-A6D2-2ABBFB4392BD}.Release|x86.Build.0 = Release|x86
	EndGlobalSection
	GlobalSection(SolutionProperties) = preSolution
		HideSolutionNode = FALSE
	EndGlobalSection
EndGlobal
